# Generated by conda-lock.
# platform: linux-64
# input_hash: 74df29e18613105636c46d15dca173e37754401f53122d35d56a2222e1007c8a
@EXPLICIT
https://conda.anaconda.org/conda-forge/linux-64/_libgcc_mutex-0.1-conda_forge.tar.bz2#d7c89558ba9fa0495403155b64376d81
https://repo.anaconda.com/pkgs/main/linux-64/blas-1.0-mkl.conda#9a7a051e9bd41da46523acb017d8a517
https://repo.anaconda.com/pkgs/main/linux-64/ca-certificates-2024.12.31-h06a4308_0.conda#3208a05dc81c1e3a788fd6e5a5a38295
https://repo.anaconda.com/pkgs/main/linux-64/ld_impl_linux-64-2.40-h12ee557_0.conda#ee672b5f635340734f58d618b7bca024
https://repo.anaconda.com/pkgs/main/linux-64/libgfortran5-11.2.0-h1234567_1.conda#36a01a8c30e0cadf0d3e842c50b73f3b
https://repo.anaconda.com/pkgs/main/linux-64/pandoc-2.12-h06a4308_3.conda#9201d6eb0288b47003c2a86ca3659280
https://repo.anaconda.com/pkgs/main/linux-64/python_abi-3.13-0_cp313.conda#d4009c49dd2b54ffded7f1365b5f6505
https://repo.anaconda.com/pkgs/main/noarch/tzdata-2025a-h04d1e81_0.conda#885caf42f821b98b3321dc4108511a3d
https://repo.anaconda.com/pkgs/main/linux-64/libgfortran-ng-11.2.0-h00389a5_1.conda#7429b67ab7b1d7cb99b9d1f3ddaec6e3
https://conda.anaconda.org/conda-forge/linux-64/libgomp-14.2.0-h77fa898_1.conda#cc3573974587f12dda90d96e3e55a702
https://repo.anaconda.com/pkgs/main/linux-64/libstdcxx-ng-11.2.0-h1234567_1.conda#57623d10a70e09e1d048c2b2b6f4e2dd
https://conda.anaconda.org/conda-forge/linux-64/_openmp_mutex-4.5-2_gnu.tar.bz2#73aaf86a425cc6e73fcf236a5a46396d
https://conda.anaconda.org/conda-forge/linux-64/libgcc-14.2.0-h77fa898_1.conda#3cb76c3f10d3bc7f1105b2fc9db984df
https://conda.anaconda.org/conda-forge/linux-64/libgcc-ng-14.2.0-h69a702a_1.conda#e39480b9ca41323497b05492a63bc35b
https://conda.anaconda.org/conda-forge/linux-64/libstdcxx-14.2.0-hc0a3c3a_1.conda#234a5554c53625688d51062645337328
https://repo.anaconda.com/pkgs/main/linux-64/bzip2-1.0.8-h5eee18b_6.conda#f21a3ff51c1b271977f53ce956a69297
https://repo.anaconda.com/pkgs/main/linux-64/expat-2.6.4-h6a678d5_0.conda#3ec804f5b85a66e64b262cc2341dd004
https://conda.anaconda.org/conda-forge/linux-64/libblas-3.9.0-1_h86c2bf4_netlib.tar.bz2#91273b91f1023d5c72ffc79e02e7812e
https://repo.anaconda.com/pkgs/main/linux-64/libffi-3.4.4-h6a678d5_1.conda#70646cc713f0c43926cfdcfe9b695fe0
https://repo.anaconda.com/pkgs/main/linux-64/libmpdec-4.0.0-h5eee18b_0.conda#feb10f42b1a7b523acbf85461be41a3e
https://repo.anaconda.com/pkgs/main/linux-64/libuuid-1.41.5-h5eee18b_0.conda#4a6a2354414c9080327274aa514e5299
https://repo.anaconda.com/pkgs/main/linux-64/ncurses-6.4-h6a678d5_0.conda#5558eec6e2191741a92f832ea826251c
https://repo.anaconda.com/pkgs/main/linux-64/openssl-3.0.15-h5eee18b_0.conda#019e501b69841c6d4aeaef3b8619a678
https://repo.anaconda.com/pkgs/main/linux-64/tbb-2021.8.0-hdb19cb5_0.conda#869373905a6bfacbb967abc98516dd85
https://repo.anaconda.com/pkgs/main/linux-64/xz-5.4.6-h5eee18b_1.conda#1562802f843297ee776a50b9329597ed
https://repo.anaconda.com/pkgs/main/linux-64/yaml-0.2.5-h7b6447c_0.conda#39fdbf4db769e494ffb06d95680c83d8
https://repo.anaconda.com/pkgs/main/linux-64/zlib-1.2.13-h5eee18b_1.conda#92e42d8310108b0a440fb2e60b2b2a25
https://repo.anaconda.com/pkgs/main/linux-64/intel-openmp-2023.1.0-hdb19cb5_46306.conda#8c3c1916f770196bf998c8310178ae55
https://conda.anaconda.org/conda-forge/linux-64/libcblas-3.9.0-5_h92ddd45_netlib.tar.bz2#6a3f536ec30f6e6948211a07b1d04ced
https://conda.anaconda.org/conda-forge/linux-64/liblapack-3.9.0-5_h92ddd45_netlib.tar.bz2#ffb80081cf8f43903b07045630188851
https://repo.anaconda.com/pkgs/main/linux-64/readline-8.2-h5eee18b_0.conda#be42180685cce6e6b0329201d9f48efb
https://repo.anaconda.com/pkgs/main/linux-64/tk-8.6.14-h39e8969_0.conda#78dbc5e3c69143ebc037fc5d5b22e597
https://repo.anaconda.com/pkgs/main/linux-64/mkl-2023.1.0-h213fc3f_46344.conda#83e5adf5b75242d8d7634615fed37c72
https://repo.anaconda.com/pkgs/main/linux-64/sqlite-3.45.3-h5eee18b_0.conda#acf93d6aceb74d6110e20b44cc45939e
https://repo.anaconda.com/pkgs/main/linux-64/python-3.13.1-hf623796_100_cp313.conda#9159d14122892f226415ae401c2d12bd
https://repo.anaconda.com/pkgs/main/linux-64/attrs-24.3.0-py313h06a4308_0.conda#e3e25dd7c6931dfa1596ae57f917f4f6
https://repo.anaconda.com/pkgs/main/linux-64/cfgv-3.4.0-py313h06a4308_0.conda#fdfb1d787d505c8aeddbc421358c1368
https://repo.anaconda.com/pkgs/main/linux-64/click-8.1.7-py313h06a4308_0.conda#dda5e288358d97b7c11b597a3214a8eb
https://repo.anaconda.com/pkgs/main/noarch/defusedxml-0.7.1-pyhd3eb1b0_0.conda#d912068b0729930972adcaac338882c0
https://repo.anaconda.com/pkgs/main/linux-64/distlib-0.3.8-py313h06a4308_0.conda#1d45969630dab2a420ce5a0abaacee98
https://repo.anaconda.com/pkgs/main/linux-64/entrypoints-0.4-py313h06a4308_0.conda#d9f81d403384356b5a43e787b5fec37a
https://repo.anaconda.com/pkgs/main/linux-64/filelock-3.13.1-py313h06a4308_0.conda#3540d4c34341674dc2bb6a805ee088b9
https://repo.anaconda.com/pkgs/main/linux-64/markupsafe-2.1.3-py313h5eee18b_1.conda#cf0e208e4bf25117d31e85784d3548ea
https://repo.anaconda.com/pkgs/main/linux-64/mkl-service-2.4.0-py313h5eee18b_2.conda#cceee39ce7c4cc0e2510798c8505b5e7
https://repo.anaconda.com/pkgs/main/linux-64/mypy_extensions-1.0.0-py313h06a4308_0.conda#40cb782b343f8534b787c8239c5c59d9
https://conda.anaconda.org/conda-forge/linux-64/numpy-2.2.2-py313h17eae1a_0.conda#b069b8491f6882134a55d2f980de3818
https://repo.anaconda.com/pkgs/main/linux-64/packaging-24.2-py313h06a4308_0.conda#b7961f58a4d39d20c51d6954e74340e8
https://repo.anaconda.com/pkgs/main/noarch/pandocfilters-1.5.0-pyhd3eb1b0_0.conda#5547ced9e3bb4c513405998957b52c7b
https://repo.anaconda.com/pkgs/main/linux-64/pathspec-0.10.3-py313h06a4308_0.conda#bee095792138b92f487d743f453f908d
https://repo.anaconda.com/pkgs/main/linux-64/platformdirs-3.10.0-py313h06a4308_0.conda#0ba56768d526633992d2a9aede23fb61
https://repo.anaconda.com/pkgs/main/noarch/pycparser-2.21-pyhd3eb1b0_0.conda#135a72ff2a31150a3a3ff0b1edd41ca9
https://repo.anaconda.com/pkgs/main/linux-64/pygments-2.15.1-py313h06a4308_1.conda#dd40c5f04a6d14d837dc708bc21c8e70
https://repo.anaconda.com/pkgs/main/linux-64/python-fastjsonschema-2.20.0-py313h06a4308_0.conda#fe6218d3ac73abc9f6962e62c2417288
https://repo.anaconda.com/pkgs/main/noarch/python-tzdata-2023.3-pyhd3eb1b0_0.conda#479c037de0186d114b9911158427624e
https://repo.anaconda.com/pkgs/main/linux-64/pytz-2024.1-py313h06a4308_0.conda#8e953adc8ab2713ad3c68b699fc77774
https://repo.anaconda.com/pkgs/main/linux-64/pyyaml-6.0.2-py313h5eee18b_0.conda#83913552ff08a5b20678390a63c109b3
https://repo.anaconda.com/pkgs/main/linux-64/rpds-py-0.22.3-py313h4aa5aa6_0.conda#f48afa2a8ef4b3559b9d564ea2d7e7fc
https://repo.anaconda.com/pkgs/main/linux-64/setuptools-75.1.0-py313h06a4308_0.conda#93277f023374c43e49b1081438de1798
https://repo.anaconda.com/pkgs/main/noarch/six-1.16.0-pyhd3eb1b0_1.conda#34586824d411d36af2fa40e799c172d0
https://repo.anaconda.com/pkgs/main/linux-64/testpath-0.6.0-py313h06a4308_0.conda#f6a18a7f1900845cd534593111beab7f
https://repo.anaconda.com/pkgs/main/linux-64/traitlets-5.14.3-py313h06a4308_0.conda#e3ab7e8538a252ccb235f1cf218bda52
https://repo.anaconda.com/pkgs/main/linux-64/typing_extensions-4.12.2-py313h06a4308_0.conda#e1a419944c11dc4592cdce114d0a3063
https://repo.anaconda.com/pkgs/main/linux-64/webencodings-0.5.1-py313h06a4308_2.conda#fd0c22e18548901e866462d7488dc2b5
https://repo.anaconda.com/pkgs/main/linux-64/wheel-0.44.0-py313h06a4308_0.conda#0d8e57ed81bb23b971817beeb3d49606
https://repo.anaconda.com/pkgs/main/linux-64/black-24.8.0-py313h06a4308_0.conda#2da8d8ea5a4c08d85cc0393c245baa90
https://repo.anaconda.com/pkgs/main/linux-64/bleach-6.2.0-py313h06a4308_0.conda#f8310b7c224d6f94c3bd2a7a55eb3a41
https://repo.anaconda.com/pkgs/main/linux-64/bottleneck-1.4.2-py313hf0014fa_0.conda#7cdeca9f4581e0bbe73ab20b0176fb4c
https://repo.anaconda.com/pkgs/main/linux-64/cffi-1.17.1-py313h1fdaa30_1.conda#c5d4f727e7bccd4bd8d599e049853383
https://repo.anaconda.com/pkgs/main/linux-64/jinja2-3.1.4-py313h06a4308_1.conda#c77c65c2419bcecd3e6233862575ec7e
https://repo.anaconda.com/pkgs/main/linux-64/jupyter_core-5.7.2-py313h06a4308_0.conda#c8876e71cbf29c61e77d5f50ea676a8d
https://conda.anaconda.org/conda-forge/noarch/mistune-3.1.0-pyhd8ed1ab_0.conda#d10024c163a52eeecbb166fdeaef8b12
https://conda.anaconda.org/conda-forge/noarch/nodeenv-1.9.1-pyhd8ed1ab_1.conda#7ba3f09fceae6a120d664217e58fe686
https://repo.anaconda.com/pkgs/main/linux-64/numexpr-2.10.1-py313h3c60e43_0.conda#fb2a343b056dd136f4db2bb1c3ba804b
https://repo.anaconda.com/pkgs/main/linux-64/pip-24.2-py313h06a4308_0.conda#59f806485e89cb8721847b5857f6df2b
https://repo.anaconda.com/pkgs/main/linux-64/python-dateutil-2.9.0post0-py313h06a4308_2.conda#a844b3df0b11b33f4742841d25146b6c
https://repo.anaconda.com/pkgs/main/linux-64/referencing-0.30.2-py313h06a4308_0.conda#cb9ea8745fb274bca09e5281b8563fd1
https://repo.anaconda.com/pkgs/main/linux-64/scipy-1.15.1-py313hf4aebb8_0.conda#10b6a20f173f6b6fbd551c4f12705460
https://repo.anaconda.com/pkgs/main/linux-64/virtualenv-20.28.0-py313h06a4308_0.conda#5104ed6858bb6193b18285913a16e9b4
https://repo.anaconda.com/pkgs/main/linux-64/jsonschema-specifications-2023.7.1-py313h06a4308_0.conda#2b747b2191ffe5a359387df1e4a6ba00
https://repo.anaconda.com/pkgs/main/linux-64/pandas-2.2.3-py313h6a678d5_0.conda#8473c36684950425e62454a8edf48849
https://repo.anaconda.com/pkgs/main/linux-64/ukkonen-1.0.1-py313hdb19cb5_1.conda#9c4e825229a245c5d3624b68c0b2f6be
https://repo.anaconda.com/pkgs/main/linux-64/identify-2.5.5-py313h06a4308_0.conda#b02653f3da4cf2a307e8d8a283f995ac
https://repo.anaconda.com/pkgs/main/linux-64/jsonschema-4.23.0-py313h06a4308_0.conda#a6c1e19ed4d5e178a622e4a3696217ee
https://repo.anaconda.com/pkgs/main/linux-64/nbformat-5.10.4-py313h06a4308_0.conda#b9ee8adce00b801f3767671675300a6f
https://conda.anaconda.org/conda-forge/noarch/pre-commit-4.1.0-pyha770c72_0.conda#5353f5eb201a9415b12385e35ed1148d
https://repo.anaconda.com/pkgs/main/noarch/nbconvert-5.5.0-py_0.conda#ef9c12ba02b6671e0a2ac0da4e55455d
