# Generated by conda-lock.
# platform: osx-64
# input_hash: 78619eac22d93203c428faf758f13b2df69beef2f9c031cbd6aca1c8804ad04e
@EXPLICIT
https://repo.anaconda.com/pkgs/main/osx-64/blas-1.0-openblas.conda#4ff605b9a6c88bbfd4428e6f9703d9ff
https://repo.anaconda.com/pkgs/main/osx-64/bzip2-1.0.8-h6c40b1e_6.conda#96224786021d0765ce05818fa3c59bdb
https://repo.anaconda.com/pkgs/main/osx-64/ca-certificates-2024.12.31-hecd8cb5_0.conda#9bcc0df7d583b34b86087fd8b43bb20d
https://repo.anaconda.com/pkgs/main/osx-64/libcxx-14.0.6-h9765a3e_0.conda#387757bb354ae9042370452cd0fb5627
https://repo.anaconda.com/pkgs/main/osx-64/libffi-3.4.4-hecd8cb5_1.conda#eb7f09ada4d95f1a26f483f1009d9286
https://repo.anaconda.com/pkgs/main/osx-64/llvm-openmp-14.0.6-h0dcd299_0.conda#b5804d32b87dc61ca94561ade33d5f2d
https://repo.anaconda.com/pkgs/main/osx-64/ncurses-6.4-hcec6c5f_0.conda#0214d1ee980e217fabc695f1e40662aa
https://repo.anaconda.com/pkgs/main/noarch/tzdata-2025a-h04d1e81_0.conda#885caf42f821b98b3321dc4108511a3d
https://repo.anaconda.com/pkgs/main/osx-64/xz-5.4.6-h6c40b1e_1.conda#b40d69768d28133d8be1843def4f82f5
https://repo.anaconda.com/pkgs/main/osx-64/yaml-0.2.5-haf1e3a3_0.conda#73628ed86f99adf6a0cb81dd20e426cd
https://repo.anaconda.com/pkgs/main/osx-64/zlib-1.2.13-h4b97444_1.conda#38e35f7c817fac0973034bfce6706ec2
https://repo.anaconda.com/pkgs/main/osx-64/expat-2.6.4-h6d0c2b6_0.conda#337f85e792486001ba7aed0fa2f93e64
https://repo.anaconda.com/pkgs/main/osx-64/libgfortran5-11.3.0-h9dfd629_28.conda#1fa1a27ee100b1918c3021dbfa3895a3
https://repo.anaconda.com/pkgs/main/osx-64/openssl-3.0.15-h46256e1_0.conda#3286ae31653124afad386b813a5d17da
https://repo.anaconda.com/pkgs/main/osx-64/readline-8.2-hca72f7f_0.conda#971667436260e523f6f7355fdfa238bf
https://repo.anaconda.com/pkgs/main/osx-64/tk-8.6.14-h4d00af3_0.conda#a2c03940c2ae54614301ec82e6a98d75
https://repo.anaconda.com/pkgs/main/osx-64/libgfortran-5.0.0-11_3_0_hecd8cb5_28.conda#2eb13b680803f1064e53873ae0aaafb3
https://repo.anaconda.com/pkgs/main/osx-64/sqlite-3.45.3-h6c40b1e_0.conda#2edf909b937b3aad48322c9cb2e8f1a0
https://repo.anaconda.com/pkgs/main/osx-64/libopenblas-0.3.21-h54e7dc3_0.conda#1da9acbd3f89cb2f47b0751d36d8c6c3
https://repo.anaconda.com/pkgs/main/osx-64/python-3.12.0-hd58486a_0.conda#8cb9c880d84c4616e1f17cf8e7500826
https://repo.anaconda.com/pkgs/main/osx-64/brotli-python-1.0.9-py312h6d0c2b6_9.conda#425936421fe402074163ac3ffe33a060
https://repo.anaconda.com/pkgs/main/osx-64/certifi-2025.1.31-py312hecd8cb5_0.conda#6ff2bb46e3e981d1e8b1e21b7d44ebcc
https://repo.anaconda.com/pkgs/main/osx-64/cfgv-3.4.0-py312hecd8cb5_0.conda#280541890c0dc2df985838fc600f5e2d
https://repo.anaconda.com/pkgs/main/noarch/charset-normalizer-3.3.2-pyhd3eb1b0_0.conda#c6fea3691e85cf7f568b0618ec29fc4f
https://repo.anaconda.com/pkgs/main/osx-64/click-8.1.7-py312hecd8cb5_0.conda#4d5a11a7092a4c5fa8e06e900b6b196d
https://repo.anaconda.com/pkgs/main/osx-64/colorama-0.4.6-py312hecd8cb5_0.conda#aa1bfd7bf2d1532204827f7e24855451
https://repo.anaconda.com/pkgs/main/osx-64/distlib-0.3.8-py312hecd8cb5_0.conda#f37315119ce7a0bdb64013ea8202cbe3
https://repo.anaconda.com/pkgs/main/osx-64/docutils-0.18.1-py312hecd8cb5_3.conda#a74a6800ab623a39395fa6b3b6df0a5d
https://repo.anaconda.com/pkgs/main/osx-64/filelock-3.13.1-py312hecd8cb5_0.conda#2396094308862ff3eb37a8ea380aa2d1
https://repo.anaconda.com/pkgs/main/osx-64/idna-3.7-py312hecd8cb5_0.conda#e224a54193038f80391cd366931a79cf
https://repo.anaconda.com/pkgs/main/osx-64/mdurl-0.1.0-py312hecd8cb5_0.conda#0d3a6bae224df024c474dfc062324218
https://repo.anaconda.com/pkgs/main/osx-64/more-itertools-10.3.0-py312hecd8cb5_0.conda#45a08f99e5abd48048c7ad93bebe65d4
https://repo.anaconda.com/pkgs/main/osx-64/mypy_extensions-1.0.0-py312hecd8cb5_0.conda#e165cce11bd950fd3c7922af4f72b0cd
https://repo.anaconda.com/pkgs/main/osx-64/numpy-base-2.0.1-py312h12d8432_1.conda#9857cce25f22cdfd9dee187b692f4fc4
https://repo.anaconda.com/pkgs/main/osx-64/packaging-24.2-py312hecd8cb5_0.conda#76512e47c9c37443444ef0624769f620
https://repo.anaconda.com/pkgs/main/osx-64/pathspec-0.10.3-py312hecd8cb5_0.conda#089b587e96de9cc2c2a9caa3b90c9091
https://repo.anaconda.com/pkgs/main/osx-64/pkginfo-1.11.2-py312hecd8cb5_0.conda#cfc970843f8334493e097c581f6a9a41
https://repo.anaconda.com/pkgs/main/osx-64/platformdirs-3.10.0-py312hecd8cb5_0.conda#52b5a629da265c3a30b5e3549bed72a5
https://repo.anaconda.com/pkgs/main/osx-64/pluggy-1.5.0-py312hecd8cb5_0.conda#ca381e438f1dbd7986ac0fa0da70c9d8
https://repo.anaconda.com/pkgs/main/noarch/py-1.11.0-pyhd3eb1b0_0.conda#7205a898ed2abbf6e9b903dff6abe08e
https://repo.anaconda.com/pkgs/main/noarch/pycparser-2.21-pyhd3eb1b0_0.conda#135a72ff2a31150a3a3ff0b1edd41ca9
https://repo.anaconda.com/pkgs/main/osx-64/pygments-2.15.1-py312hecd8cb5_1.conda#76178b3f791217ae17fcb1a295ffdb84
https://repo.anaconda.com/pkgs/main/osx-64/pysocks-1.7.1-py312hecd8cb5_0.conda#b13cd9c26d1f09ef93fb60f8fc622c19
https://repo.anaconda.com/pkgs/main/noarch/python-tzdata-2023.3-pyhd3eb1b0_0.conda#479c037de0186d114b9911158427624e
https://repo.anaconda.com/pkgs/main/osx-64/pytz-2024.1-py312hecd8cb5_0.conda#2b28ec0e0d07f5c0c701f75200b1e8b6
https://repo.anaconda.com/pkgs/main/osx-64/pyyaml-6.0.2-py312h46256e1_0.conda#4824b902308914dfc410ffcd11f1ac57
https://repo.anaconda.com/pkgs/main/noarch/rfc3986-1.4.0-pyhd3eb1b0_0.conda#be5667c380895da8c92483ac0c5e6d7a
https://repo.anaconda.com/pkgs/main/osx-64/setuptools-75.8.0-py312hecd8cb5_0.conda#23bf9c15a65f2950af1716724c4e5396
https://repo.anaconda.com/pkgs/main/noarch/six-1.16.0-pyhd3eb1b0_1.conda#34586824d411d36af2fa40e799c172d0
https://repo.anaconda.com/pkgs/main/osx-64/tomli-2.0.1-py312hecd8cb5_1.conda#2aac9214cccf73680b1e32bfb276ab39
https://repo.anaconda.com/pkgs/main/osx-64/webencodings-0.5.1-py312hecd8cb5_2.conda#48aaa51f09c2b5037cebd0bd2ee9d89f
https://repo.anaconda.com/pkgs/main/osx-64/wheel-0.45.1-py312hecd8cb5_0.conda#fafb8687668467d8624d2ddd0909bce9
https://repo.anaconda.com/pkgs/main/osx-64/zipp-3.21.0-py312hecd8cb5_0.conda#7f2eb7066b4c4c4fccc7b45f8bc99934
https://repo.anaconda.com/pkgs/main/osx-64/black-24.10.0-py312hecd8cb5_0.conda#8be379e24b940e661da2580a5a24115b
https://repo.anaconda.com/pkgs/main/osx-64/bleach-6.2.0-py312hecd8cb5_0.conda#34859e9146ef88cdd6adbaacfe82a35a
https://repo.anaconda.com/pkgs/main/osx-64/cffi-1.17.1-py312h9205ec4_1.conda#cba55a7d1d63658e945a8e089a2d54b0
https://repo.anaconda.com/pkgs/main/osx-64/importlib-metadata-8.5.0-py312hecd8cb5_0.conda#b70593b67b0d39e27a1c2c3dc309deef
https://repo.anaconda.com/pkgs/main/noarch/jaraco.classes-3.2.1-pyhd3eb1b0_0.conda#7f47c66b55e92b2724174847703df72f
https://repo.anaconda.com/pkgs/main/osx-64/markdown-it-py-2.2.0-py312hecd8cb5_1.conda#bc2e2635a5c7fc25b591c4cd5216194b
https://repo.anaconda.com/pkgs/main/osx-64/nodeenv-1.7.0-py312hecd8cb5_0.conda#159b6d22352c576a3fa3b36057a8a6ae
https://repo.anaconda.com/pkgs/main/osx-64/numpy-2.0.1-py312h255ab90_1.conda#ae5747ede80775dca4299ad990eedb9f
https://repo.anaconda.com/pkgs/main/osx-64/pip-25.0-py312hecd8cb5_0.conda#ece07a868514de9803e7a3c8aec1909f
https://repo.anaconda.com/pkgs/main/osx-64/python-dateutil-2.9.0post0-py312hecd8cb5_2.conda#1047dde28f78127dd9f6121e882926dd
https://repo.anaconda.com/pkgs/main/noarch/setuptools-git-1.2-pyh91ea838_1.conda#349ab246df40dfdeb628c51b6d209c19
https://repo.anaconda.com/pkgs/main/osx-64/setuptools-git-versioning-1.13.1-py312hecd8cb5_0.conda#89ec5d6331ef2f97cbe07ddaf32274b2
https://repo.anaconda.com/pkgs/main/osx-64/urllib3-2.3.0-py312hecd8cb5_0.conda#9fbba529435f05b1d03d717d4079bebc
https://repo.anaconda.com/pkgs/main/osx-64/virtualenv-20.28.0-py312hecd8cb5_0.conda#5daf091245a0c607381aa49b3318b0cd
https://repo.anaconda.com/pkgs/main/osx-64/bottleneck-1.4.2-py312ha2b695f_0.conda#7efb63b6a5b33829a3b2c7a3efcf53ce
https://repo.anaconda.com/pkgs/main/osx-64/cmarkgfm-2022.10.27-py312h6c40b1e_0.conda#246c56136251a2b14a1d68b574fe92bf
https://repo.anaconda.com/pkgs/main/osx-64/keyring-24.3.1-py312hecd8cb5_0.conda#2583533ce1aec68536572ae8d1fb2e23
https://repo.anaconda.com/pkgs/main/osx-64/numexpr-2.10.1-py312hc59c7be_0.conda#8ba84b24b221308cf69e80a96a0696f5
https://repo.anaconda.com/pkgs/main/osx-64/requests-2.32.3-py312hecd8cb5_1.conda#b3474f89aa6d3899fb7f8a961f401742
https://repo.anaconda.com/pkgs/main/osx-64/rich-13.9.4-py312hecd8cb5_0.conda#7d3a241f666a44a69064883fa2f41655
https://repo.anaconda.com/pkgs/main/osx-64/scipy-1.15.1-py312hff39f35_0.conda#ad0af87efe0eaa7279d8813bc36b0583
https://conda.anaconda.org/conda-forge/noarch/tox-3.27.1-pyhd8ed1ab_0.tar.bz2#62b743e1030b17163c70654601afb60d
https://repo.anaconda.com/pkgs/main/osx-64/ukkonen-1.0.1-py312h1962661_1.conda#71c57b1269c568968e83c4687b44ace8
https://repo.anaconda.com/pkgs/main/osx-64/identify-2.5.5-py312hecd8cb5_0.conda#3debe34b4d92bdfa800ef1ede80496f9
https://repo.anaconda.com/pkgs/main/osx-64/pandas-2.2.3-py312h6d0c2b6_0.conda#84ce5b8ec4a986d13a5df17811f556a2
https://repo.anaconda.com/pkgs/main/osx-64/readme_renderer-40.0-py312hecd8cb5_0.conda#3d4c36e4fc3d5b3f58a215c534b230f1
https://repo.anaconda.com/pkgs/main/osx-64/requests-toolbelt-1.0.0-py312hecd8cb5_0.conda#6b1b5a44c82942544037e2dbbc28bde8
https://conda.anaconda.org/conda-forge/noarch/tox-current-env-0.0.11-pyhd8ed1ab_0.conda#ca5420198ae4fe23bc4fe924be99635c
https://repo.anaconda.com/pkgs/main/osx-64/pre-commit-3.4.0-py312hecd8cb5_1.conda#16bc7cde5da56f7fd5c5279da56b2432
https://repo.anaconda.com/pkgs/main/osx-64/twine-6.0.1-py312hecd8cb5_0.conda#16f9146c5d0d9d882a3f370fa84abd17
