# Generated by conda-lock.
# platform: linux-64
# input_hash: 60f959ff0496c38af137893afcbd767d90d345d2233b534acdba627df2e27bcc
@EXPLICIT
https://repo.anaconda.com/pkgs/main/linux-64/_libgcc_mutex-0.1-main.conda#c3473ff8bdb3d124ed5ff11ec380d6f9
https://repo.anaconda.com/pkgs/main/linux-64/blas-1.0-mkl.conda#9a7a051e9bd41da46523acb017d8a517
https://repo.anaconda.com/pkgs/main/linux-64/ca-certificates-2024.12.31-h06a4308_0.conda#3208a05dc81c1e3a788fd6e5a5a38295
https://repo.anaconda.com/pkgs/main/linux-64/ld_impl_linux-64-2.40-h12ee557_0.conda#ee672b5f635340734f58d618b7bca024
https://repo.anaconda.com/pkgs/main/linux-64/libgfortran5-11.2.0-h1234567_1.conda#36a01a8c30e0cadf0d3e842c50b73f3b
https://repo.anaconda.com/pkgs/main/noarch/tzdata-2024b-h04d1e81_0.conda#9be694715c6a65f9631bb1b242125e9d
https://repo.anaconda.com/pkgs/main/linux-64/libgfortran-ng-11.2.0-h00389a5_1.conda#7429b67ab7b1d7cb99b9d1f3ddaec6e3
https://repo.anaconda.com/pkgs/main/linux-64/libgomp-11.2.0-h1234567_1.conda#b372c0eea9b60732fdae4b817a63c8cd
https://repo.anaconda.com/pkgs/main/linux-64/libstdcxx-ng-11.2.0-h1234567_1.conda#57623d10a70e09e1d048c2b2b6f4e2dd
https://repo.anaconda.com/pkgs/main/linux-64/_openmp_mutex-5.1-1_gnu.conda#71d281e9c2192cb3fa425655a8defb85
https://repo.anaconda.com/pkgs/main/linux-64/libgcc-ng-11.2.0-h1234567_1.conda#a87728dabf3151fb9cfa990bd2eb0464
https://repo.anaconda.com/pkgs/main/linux-64/bzip2-1.0.8-h5eee18b_6.conda#f21a3ff51c1b271977f53ce956a69297
https://repo.anaconda.com/pkgs/main/linux-64/expat-2.6.4-h6a678d5_0.conda#3ec804f5b85a66e64b262cc2341dd004
https://repo.anaconda.com/pkgs/main/linux-64/libffi-3.4.4-h6a678d5_1.conda#70646cc713f0c43926cfdcfe9b695fe0
https://repo.anaconda.com/pkgs/main/linux-64/libuuid-1.41.5-h5eee18b_0.conda#4a6a2354414c9080327274aa514e5299
https://repo.anaconda.com/pkgs/main/linux-64/ncurses-6.4-h6a678d5_0.conda#5558eec6e2191741a92f832ea826251c
https://repo.anaconda.com/pkgs/main/linux-64/openssl-3.0.15-h5eee18b_0.conda#019e501b69841c6d4aeaef3b8619a678
https://repo.anaconda.com/pkgs/main/linux-64/tbb-2021.8.0-hdb19cb5_0.conda#869373905a6bfacbb967abc98516dd85
https://repo.anaconda.com/pkgs/main/linux-64/xz-5.4.6-h5eee18b_1.conda#1562802f843297ee776a50b9329597ed
https://repo.anaconda.com/pkgs/main/linux-64/zlib-1.2.13-h5eee18b_1.conda#92e42d8310108b0a440fb2e60b2b2a25
https://repo.anaconda.com/pkgs/main/linux-64/intel-openmp-2023.1.0-hdb19cb5_46306.conda#8c3c1916f770196bf998c8310178ae55
https://repo.anaconda.com/pkgs/main/linux-64/readline-8.2-h5eee18b_0.conda#be42180685cce6e6b0329201d9f48efb
https://repo.anaconda.com/pkgs/main/linux-64/tk-8.6.14-h39e8969_0.conda#78dbc5e3c69143ebc037fc5d5b22e597
https://repo.anaconda.com/pkgs/main/linux-64/mkl-2023.1.0-h213fc3f_46344.conda#83e5adf5b75242d8d7634615fed37c72
https://repo.anaconda.com/pkgs/main/linux-64/sqlite-3.45.3-h5eee18b_0.conda#acf93d6aceb74d6110e20b44cc45939e
https://repo.anaconda.com/pkgs/main/linux-64/python-3.12.8-h5148396_0.conda#30e7668cd39635e3b72f86b9053540b1
https://repo.anaconda.com/pkgs/main/linux-64/mkl-service-2.4.0-py312h5eee18b_2.conda#4c74c6d49097f7bba2cd219e0c759048
https://repo.anaconda.com/pkgs/main/noarch/python-tzdata-2023.3-pyhd3eb1b0_0.conda#479c037de0186d114b9911158427624e
https://repo.anaconda.com/pkgs/main/linux-64/pytz-2024.1-py312h06a4308_0.conda#f8a72213ea02624e802216fedff222e1
https://repo.anaconda.com/pkgs/main/linux-64/setuptools-72.1.0-py312h06a4308_0.conda#bab64ac5186aa07014788baf1fbe3ca9
https://repo.anaconda.com/pkgs/main/noarch/six-1.16.0-pyhd3eb1b0_1.conda#34586824d411d36af2fa40e799c172d0
https://repo.anaconda.com/pkgs/main/linux-64/wheel-0.44.0-py312h06a4308_0.conda#6d495438dd44e8f16b1a05d0a8648644
https://repo.anaconda.com/pkgs/main/linux-64/numpy-base-2.1.3-py312h0da6c21_0.conda#2caa051636667787ec37d77da45a75bd
https://repo.anaconda.com/pkgs/main/linux-64/pip-24.2-py312h06a4308_0.conda#798cbea8112672434d0cd7551f8fc4b9
https://repo.anaconda.com/pkgs/main/linux-64/python-dateutil-2.9.0post0-py312h06a4308_2.conda#06c8706a892aaaae74325c0b46c86d01
https://repo.anaconda.com/pkgs/main/linux-64/bottleneck-1.4.2-py312ha883a20_0.conda#ff0a95c8810f5c091da3d93e565c7763
https://repo.anaconda.com/pkgs/main/linux-64/mkl_fft-1.3.11-py312h5eee18b_0.conda#8e39abc21446208f8efa84140549e137
https://repo.anaconda.com/pkgs/main/linux-64/mkl_random-1.2.8-py312h526ad5a_0.conda#00c07c9fde72e3393b074ca9b773b1ca
https://repo.anaconda.com/pkgs/main/linux-64/numpy-2.1.3-py312hc5e2394_0.conda#03862f8d6b22da9c973777acc54a68ab
https://repo.anaconda.com/pkgs/main/linux-64/numexpr-2.10.1-py312h3c60e43_0.conda#170e58d740c2d1e2d7213bc16e1b3c91
https://repo.anaconda.com/pkgs/main/linux-64/scipy-1.14.1-py312hc5e2394_0.conda#733ada20e2d79f4b021fbff2880ee403
https://repo.anaconda.com/pkgs/main/linux-64/pandas-2.2.3-py312h6a678d5_0.conda#e079d665607bde753f4c7ba52b10fc6f
