# Generated by conda-lock.
# platform: win-64
# input_hash: 815757770e47d9af0c975967893bda30abb418da28530548c4909441c284e377
@EXPLICIT
https://repo.anaconda.com/pkgs/main/win-64/blas-1.0-mkl.conda#29c8be9152b7cbf29578794154d2408f
https://repo.anaconda.com/pkgs/main/win-64/ca-certificates-2024.12.31-haa95532_0.conda#1750811756fc0edc09e54a813f3599c2
https://repo.anaconda.com/pkgs/main/win-64/icc_rt-2022.1.0-h6049295_2.conda#4ea9e3682a5114c1ee3dc09bac898e8d
https://repo.anaconda.com/pkgs/main/noarch/tzdata-2025a-h04d1e81_0.conda#885caf42f821b98b3321dc4108511a3d
https://repo.anaconda.com/pkgs/main/win-64/vs2015_runtime-14.42.34433-h9531ae6_2.conda#4b7a61e3eff596a8a90aca817be3cf4f
https://repo.anaconda.com/pkgs/main/win-64/vc-14.40-haa95532_2.conda#d0a53bd27696fe718c3662812675e473
https://repo.anaconda.com/pkgs/main/win-64/bzip2-1.0.8-h2bbff1b_6.conda#33e784123d565c38e68945f07b461282
https://repo.anaconda.com/pkgs/main/win-64/expat-2.6.4-h8ddb27b_0.conda#4051c708005296ddd0c080d38f4203e1
https://repo.anaconda.com/pkgs/main/win-64/intel-openmp-2023.1.0-h59b6b97_46320.conda#24ec0112499542d8170daa38552134d9
https://repo.anaconda.com/pkgs/main/win-64/libffi-3.4.4-hd77b12b_1.conda#9807b377e11739ae3e920e10e607e460
https://repo.anaconda.com/pkgs/main/win-64/openssl-3.0.15-h827c3e9_0.conda#7781aef6d9439002465f12df75789757
https://repo.anaconda.com/pkgs/main/win-64/sqlite-3.45.3-h2bbff1b_0.conda#c5b3b929349655302bf811c45571da6d
https://repo.anaconda.com/pkgs/main/win-64/tbb-2021.8.0-h59b6b97_0.conda#aa60f11c1789a50a20be2e657e31513a
https://repo.anaconda.com/pkgs/main/win-64/xz-5.4.6-h8cc25b3_1.conda#cd89b06b0e59712386f00a41fb2dec32
https://repo.anaconda.com/pkgs/main/win-64/yaml-0.2.5-he774522_0.conda#959a63017c520ef9d345bd82ab344e3e
https://repo.anaconda.com/pkgs/main/win-64/zlib-1.2.13-h8cc25b3_1.conda#1f7ea85632611b25599e4cddf5b51d7d
https://repo.anaconda.com/pkgs/main/win-64/mkl-2023.1.0-h6b88ed4_46358.conda#15d96e057d3e7150f5504ead12036788
https://repo.anaconda.com/pkgs/main/win-64/tk-8.6.14-h0416ee5_0.conda#da75707c571825eb2ad0eb806710b16b
https://repo.anaconda.com/pkgs/main/win-64/python-3.12.0-h1d929f7_0.conda#a3c0296d2fab2569f87d70a6f17f8f3d
https://repo.anaconda.com/pkgs/main/win-64/brotli-python-1.0.9-py312h5da7b33_9.conda#607ba2bb1967e6600040731e35f592f7
https://repo.anaconda.com/pkgs/main/win-64/certifi-2024.12.14-py312haa95532_0.conda#43062d7db3d0b74169d50889920bb059
https://repo.anaconda.com/pkgs/main/win-64/cfgv-3.4.0-py312haa95532_0.conda#4d42518198a9da4f4e8457d182409432
https://repo.anaconda.com/pkgs/main/noarch/charset-normalizer-3.3.2-pyhd3eb1b0_0.conda#c6fea3691e85cf7f568b0618ec29fc4f
https://repo.anaconda.com/pkgs/main/win-64/colorama-0.4.6-py312haa95532_0.conda#161baa1308cf84c4817497287afb709a
https://repo.anaconda.com/pkgs/main/win-64/distlib-0.3.8-py312haa95532_0.conda#4eb64552149cbe8e9f529c98c50acc4c
https://repo.anaconda.com/pkgs/main/win-64/docutils-0.18.1-py312haa95532_3.conda#d4b9b6779d3d5fa64f2e146010e66e89
https://repo.anaconda.com/pkgs/main/win-64/filelock-3.13.1-py312haa95532_0.conda#4ed2666b1d1ba1dc53229ecac885c134
https://repo.anaconda.com/pkgs/main/win-64/idna-3.7-py312haa95532_0.conda#114efaad1ed61e1d00e3bbad0aac7d86
https://repo.anaconda.com/pkgs/main/win-64/mdurl-0.1.0-py312haa95532_0.conda#3c5c0fdf37c35c55d291b4b9752337f6
https://repo.anaconda.com/pkgs/main/win-64/mkl-service-2.4.0-py312h827c3e9_2.conda#f7d1a9ad36713d062a0839ef993336d8
https://repo.anaconda.com/pkgs/main/win-64/more-itertools-10.3.0-py312haa95532_0.conda#306d39b9d09b1bd8eb02d21d35897594
https://repo.anaconda.com/pkgs/main/win-64/mypy_extensions-1.0.0-py312haa95532_0.conda#0102dce7b35020a7f531dceb85532a15
https://repo.anaconda.com/pkgs/main/win-64/packaging-24.2-py312haa95532_0.conda#d28d2bb057b702f955dfc42fc075c49d
https://repo.anaconda.com/pkgs/main/win-64/pathspec-0.10.3-py312haa95532_0.conda#52cf22a235e671ad83015548ed0aa64e
https://repo.anaconda.com/pkgs/main/win-64/pkginfo-1.11.2-py312haa95532_0.conda#8f98d2e0c999c1fc08486f254fccf0d8
https://repo.anaconda.com/pkgs/main/win-64/platformdirs-3.10.0-py312haa95532_0.conda#21714abfa08e1d6e0435b9768ead622a
https://repo.anaconda.com/pkgs/main/win-64/pluggy-1.5.0-py312haa95532_0.conda#e023b63570eb4661e5d128bd744d3a91
https://repo.anaconda.com/pkgs/main/noarch/py-1.11.0-pyhd3eb1b0_0.conda#7205a898ed2abbf6e9b903dff6abe08e
https://repo.anaconda.com/pkgs/main/noarch/pycparser-2.21-pyhd3eb1b0_0.conda#135a72ff2a31150a3a3ff0b1edd41ca9
https://repo.anaconda.com/pkgs/main/win-64/pygments-2.15.1-py312haa95532_1.conda#e1fd172466b4eee981eaf2247ec56d93
https://repo.anaconda.com/pkgs/main/noarch/python-tzdata-2023.3-pyhd3eb1b0_0.conda#479c037de0186d114b9911158427624e
https://repo.anaconda.com/pkgs/main/win-64/pytz-2024.1-py312haa95532_0.conda#b55a53abb67f866f3e4f62df9d201558
https://repo.anaconda.com/pkgs/main/win-64/pywin32-ctypes-0.2.2-py312haa95532_0.conda#22f037bf4d3f42e99bfdf345bb407e51
https://repo.anaconda.com/pkgs/main/win-64/pyyaml-6.0.2-py312h827c3e9_0.conda#d3191c546f79d40bc826b9ea36e24f0b
https://repo.anaconda.com/pkgs/main/noarch/rfc3986-1.4.0-pyhd3eb1b0_0.conda#be5667c380895da8c92483ac0c5e6d7a
https://repo.anaconda.com/pkgs/main/win-64/setuptools-75.1.0-py312haa95532_0.conda#295271832b0e5fb9788db7993748e392
https://repo.anaconda.com/pkgs/main/noarch/six-1.16.0-pyhd3eb1b0_1.conda#34586824d411d36af2fa40e799c172d0
https://repo.anaconda.com/pkgs/main/win-64/tomli-2.0.1-py312haa95532_1.conda#bd2a6a5c9fa77db19bdb55a203b19702
https://repo.anaconda.com/pkgs/main/win-64/webencodings-0.5.1-py312haa95532_2.conda#0adab6426342ac105941b97f0fd9a55b
https://repo.anaconda.com/pkgs/main/win-64/wheel-0.44.0-py312haa95532_0.conda#e0d4ff7c1b53527d54a4b5c4c3256d8c
https://repo.anaconda.com/pkgs/main/win-64/win_inet_pton-1.1.0-py312haa95532_0.conda#3ba2805fbd7809df9a5628c068b9d873
https://repo.anaconda.com/pkgs/main/win-64/zipp-3.21.0-py312haa95532_0.conda#0d956d934c54132d8dd273b825a0c21a
https://repo.anaconda.com/pkgs/main/win-64/bleach-6.2.0-py312haa95532_0.conda#9b090fffe40ecc4a6d630dc0a0c16608
https://repo.anaconda.com/pkgs/main/win-64/cffi-1.17.1-py312h827c3e9_1.conda#e2ccda69bd9583c1f205433bee9b15aa
https://repo.anaconda.com/pkgs/main/win-64/click-8.1.7-py312haa95532_0.conda#12daed12ef284a081d3f0e0b580a3b5b
https://repo.anaconda.com/pkgs/main/win-64/importlib-metadata-8.5.0-py312haa95532_0.conda#80c6069c866f565e38305651575c8448
https://repo.anaconda.com/pkgs/main/noarch/jaraco.classes-3.2.1-pyhd3eb1b0_0.conda#7f47c66b55e92b2724174847703df72f
https://repo.anaconda.com/pkgs/main/win-64/markdown-it-py-2.2.0-py312haa95532_1.conda#a9dd37498c08c1f6a4729a89cf58dd99
https://repo.anaconda.com/pkgs/main/win-64/nodeenv-1.7.0-py312haa95532_0.conda#0ea000fe17be0d78e841a01b59c86a79
https://repo.anaconda.com/pkgs/main/win-64/numpy-base-2.0.1-py312h4dde369_1.conda#81cd4992b91fb47e07d71eb034fdeb3a
https://repo.anaconda.com/pkgs/main/win-64/pip-24.2-py312haa95532_0.conda#cdc7bc1beec1fca9232399b7ce5c579a
https://repo.anaconda.com/pkgs/main/win-64/pysocks-1.7.1-py312haa95532_0.conda#e5f7b8790925322357ee89cc7ae5bb1c
https://repo.anaconda.com/pkgs/main/win-64/python-dateutil-2.9.0post0-py312haa95532_2.conda#b49559ca43fe84702d7d8bbc906dd3cc
https://repo.anaconda.com/pkgs/main/noarch/setuptools-git-1.2-pyh91ea838_1.conda#349ab246df40dfdeb628c51b6d209c19
https://repo.anaconda.com/pkgs/main/win-64/virtualenv-20.28.0-py312haa95532_0.conda#ee63ce9947310b4bc2b3f2582060b5e8
https://repo.anaconda.com/pkgs/main/win-64/black-24.10.0-py312haa95532_0.conda#9e1e32a1d5e258fd4b6ef95de3ef4234
https://repo.anaconda.com/pkgs/main/win-64/cmarkgfm-2022.10.27-py312h2bbff1b_0.conda#b37aa9a18f1aeebc190f02c800b2b8a4
https://repo.anaconda.com/pkgs/main/win-64/keyring-24.3.1-py312haa95532_0.conda#5e9a1a2d4767209e1e5ec933bcdb01bd
https://repo.anaconda.com/pkgs/main/win-64/rich-13.9.4-py312haa95532_0.conda#da5c36b35acf0a9a959e2b4653d3123e
https://conda.anaconda.org/conda-forge/noarch/tox-3.27.1-pyhd8ed1ab_0.tar.bz2#62b743e1030b17163c70654601afb60d
https://repo.anaconda.com/pkgs/main/win-64/ukkonen-1.0.1-py312h214f63a_1.conda#c7cdf9f798fb9aeeee3d45e42afaaa09
https://repo.anaconda.com/pkgs/main/win-64/urllib3-2.3.0-py312haa95532_0.conda#4161581be0bafa81490aefdcf11cc6ac
https://repo.anaconda.com/pkgs/main/win-64/identify-2.5.5-py312haa95532_0.conda#d6f1861365a154e67241212822454b17
https://repo.anaconda.com/pkgs/main/win-64/readme_renderer-40.0-py312haa95532_0.conda#8cca92ab0a0b64e036894c653ba79925
https://repo.anaconda.com/pkgs/main/win-64/requests-2.32.3-py312haa95532_1.conda#578fbe35c5cd97907460f54a5da5e527
https://conda.anaconda.org/conda-forge/noarch/tox-current-env-0.0.11-pyhd8ed1ab_0.conda#ca5420198ae4fe23bc4fe924be99635c
https://repo.anaconda.com/pkgs/main/win-64/pre-commit-3.4.0-py312haa95532_1.conda#06f2e66e2333358d29f37b428b0ecf3a
https://repo.anaconda.com/pkgs/main/win-64/requests-toolbelt-1.0.0-py312haa95532_0.conda#b57d8d0d2e526e76b9ec14af04698138
https://repo.anaconda.com/pkgs/main/win-64/twine-6.0.1-py312haa95532_0.conda#9fd48f6cbe8993c5708b4ddc9908b16f
https://repo.anaconda.com/pkgs/main/win-64/bottleneck-1.4.2-py312h4b0e54e_0.conda#30d4258ead11418f9c31fae9919731aa
https://repo.anaconda.com/pkgs/main/win-64/mkl_fft-1.3.11-py312h827c3e9_0.conda#3257ddde910ba8f8dd8b12728f2a9d39
https://repo.anaconda.com/pkgs/main/win-64/mkl_random-1.2.8-py312h0158946_0.conda#a8ecd72d81f3c3a6c10886026f3adbdc
https://repo.anaconda.com/pkgs/main/win-64/numpy-2.0.1-py312hfd52020_1.conda#5ed786bedb650eece4cbc87ee0c27ace
https://repo.anaconda.com/pkgs/main/win-64/numexpr-2.10.1-py312h4cd664f_0.conda#b247d61f63559454debaef3e3d98bf40
https://repo.anaconda.com/pkgs/main/win-64/scipy-1.15.1-py312hbb039d4_0.conda#8e6fd2cd0cbe77639c00907acfb5b82c
https://repo.anaconda.com/pkgs/main/win-64/pandas-2.2.3-py312h5da7b33_0.conda#e6305c42d632a8d4394e68c25183ba24
